// !$*UTF8*$!
{
	archiveVersion = 1;
	classes = {
	};
	objectVersion = 55;
	objects = {

/* Begin PBXBuildFile section */
		1F2E5FBC287DCE780008B40D /* ScreenStyle.swift in Sources */ = {isa = PBXBuildFile; fileRef = 1F2E5FBB287DCE780008B40D /* ScreenStyle.swift */; };
		1F2E5FBE287DF1F20008B40D /* ProgressBarView.swift in Sources */ = {isa = PBXBuildFile; fileRef = 1F2E5FBD287DF1F20008B40D /* ProgressBarView.swift */; };
		1F3543E22878A8F200913F9A /* PokedexApp.swift in Sources */ = {isa = PBXBuildFile; fileRef = 1F3543E12878A8F200913F9A /* PokedexApp.swift */; };
		1F3543E42878A8F200913F9A /* ContentView.swift in Sources */ = {isa = PBXBuildFile; fileRef = 1F3543E32878A8F200913F9A /* ContentView.swift */; };
		1F3543E62878A8F600913F9A /* Assets.xcassets in Resources */ = {isa = PBXBuildFile; fileRef = 1F3543E52878A8F600913F9A /* Assets.xcassets */; };
		1F3543E92878A8F600913F9A /* Preview Assets.xcassets in Resources */ = {isa = PBXBuildFile; fileRef = 1F3543E82878A8F600913F9A /* Preview Assets.xcassets */; };
		1F3543F02878ABEE00913F9A /* LoginView.swift in Sources */ = {isa = PBXBuildFile; fileRef = 1F3543EF2878ABEE00913F9A /* LoginView.swift */; };
		1F3543F22878ABF900913F9A /* HomeView.swift in Sources */ = {isa = PBXBuildFile; fileRef = 1F3543F12878ABF900913F9A /* HomeView.swift */; };
		1F3543F42878AC0900913F9A /* DetailView.swift in Sources */ = {isa = PBXBuildFile; fileRef = 1F3543F32878AC0900913F9A /* DetailView.swift */; };
		1F3DB559288B1AFD0004F507 /* PhoneNumberValidation.swift in Sources */ = {isa = PBXBuildFile; fileRef = 1F3DB558288B1AFD0004F507 /* PhoneNumberValidation.swift */; };
		1F63F8B328857DA7006A8583 /* APIList.swift in Sources */ = {isa = PBXBuildFile; fileRef = 1F63F8B228857DA7006A8583 /* APIList.swift */; };
		1FB62F7B287F08A300620CDB /* VisualEffectView.swift in Sources */ = {isa = PBXBuildFile; fileRef = 1FB62F7A287F08A300620CDB /* VisualEffectView.swift */; };
		1FB62F99287F33A200620CDB /* StatsView.swift in Sources */ = {isa = PBXBuildFile; fileRef = 1FB62F98287F33A200620CDB /* StatsView.swift */; };
		1FB62F9E287F407800620CDB /* Roboto-Regular.otf in Resources */ = {isa = PBXBuildFile; fileRef = 1FB62F9B287F407800620CDB /* Roboto-Regular.otf */; };
		1FB62F9F287F407800620CDB /* Roboto-Medium.otf in Resources */ = {isa = PBXBuildFile; fileRef = 1FB62F9C287F407800620CDB /* Roboto-Medium.otf */; };
		1FB62FA0287F407800620CDB /* Roboto-Bold.otf in Resources */ = {isa = PBXBuildFile; fileRef = 1FB62F9D287F407800620CDB /* Roboto-Bold.otf */; };
		1FB62FA2287F4EF200620CDB /* CustomNavBarView.swift in Sources */ = {isa = PBXBuildFile; fileRef = 1FB62FA1287F4EF200620CDB /* CustomNavBarView.swift */; };
		1FB7B0C0288066AA00E390E5 /* AbilitiesView.swift in Sources */ = {isa = PBXBuildFile; fileRef = 1FB7B0BF288066AA00E390E5 /* AbilitiesView.swift */; };
		1FB7B0C228807C9800E390E5 /* SpritesView.swift in Sources */ = {isa = PBXBuildFile; fileRef = 1FB7B0C128807C9800E390E5 /* SpritesView.swift */; };
		1FB7B0C428807FFA00E390E5 /* ImageDetailView.swift in Sources */ = {isa = PBXBuildFile; fileRef = 1FB7B0C328807FFA00E390E5 /* ImageDetailView.swift */; };
		1FC56FC5287C85690070ED3F /* SecurityView.swift in Sources */ = {isa = PBXBuildFile; fileRef = 1FC56FC4287C85680070ED3F /* SecurityView.swift */; };
		1FC56FC9287CC7F00070ED3F /* TabBarHomeView.swift in Sources */ = {isa = PBXBuildFile; fileRef = 1FC56FC8287CC7F00070ED3F /* TabBarHomeView.swift */; };
		1FC56FCB287CC8430070ED3F /* PokedexCardView.swift in Sources */ = {isa = PBXBuildFile; fileRef = 1FC56FCA287CC8430070ED3F /* PokedexCardView.swift */; };
		7DCC1D6EE44AB909FDB41615 /* Pods_Pokedex.framework in Frameworks */ = {isa = PBXBuildFile; fileRef = AE78893468CC5CF18606B460 /* Pods_Pokedex.framework */; };
/* End PBXBuildFile section */

/* Begin PBXFileReference section */
		1F2E5FBB287DCE780008B40D /* ScreenStyle.swift */ = {isa = PBXFileReference; lastKnownFileType = sourcecode.swift; path = ScreenStyle.swift; sourceTree = "<group>"; };
		1F2E5FBD287DF1F20008B40D /* ProgressBarView.swift */ = {isa = PBXFileReference; lastKnownFileType = sourcecode.swift; path = ProgressBarView.swift; sourceTree = "<group>"; };
		1F3543DE2878A8F200913F9A /* Pokedex.app */ = {isa = PBXFileReference; explicitFileType = wrapper.application; includeInIndex = 0; path = Pokedex.app; sourceTree = BUILT_PRODUCTS_DIR; };
		1F3543E12878A8F200913F9A /* PokedexApp.swift */ = {isa = PBXFileReference; lastKnownFileType = sourcecode.swift; path = PokedexApp.swift; sourceTree = "<group>"; };
		1F3543E32878A8F200913F9A /* ContentView.swift */ = {isa = PBXFileReference; lastKnownFileType = sourcecode.swift; path = ContentView.swift; sourceTree = "<group>"; };
		1F3543E52878A8F600913F9A /* Assets.xcassets */ = {isa = PBXFileReference; lastKnownFileType = folder.assetcatalog; path = Assets.xcassets; sourceTree = "<group>"; };
		1F3543E82878A8F600913F9A /* Preview Assets.xcassets */ = {isa = PBXFileReference; lastKnownFileType = folder.assetcatalog; path = "Preview Assets.xcassets"; sourceTree = "<group>"; };
		1F3543EF2878ABEE00913F9A /* LoginView.swift */ = {isa = PBXFileReference; lastKnownFileType = sourcecode.swift; path = LoginView.swift; sourceTree = "<group>"; };
		1F3543F12878ABF900913F9A /* HomeView.swift */ = {isa = PBXFileReference; lastKnownFileType = sourcecode.swift; path = HomeView.swift; sourceTree = "<group>"; };
		1F3543F32878AC0900913F9A /* DetailView.swift */ = {isa = PBXFileReference; lastKnownFileType = sourcecode.swift; path = DetailView.swift; sourceTree = "<group>"; };
		1F3DB558288B1AFD0004F507 /* PhoneNumberValidation.swift */ = {isa = PBXFileReference; lastKnownFileType = sourcecode.swift; path = PhoneNumberValidation.swift; sourceTree = "<group>"; };
		1F63F8B228857DA7006A8583 /* APIList.swift */ = {isa = PBXFileReference; lastKnownFileType = sourcecode.swift; path = APIList.swift; sourceTree = "<group>"; };
		1FB62F7A287F08A300620CDB /* VisualEffectView.swift */ = {isa = PBXFileReference; lastKnownFileType = sourcecode.swift; path = VisualEffectView.swift; sourceTree = "<group>"; };
		1FB62F98287F33A200620CDB /* StatsView.swift */ = {isa = PBXFileReference; lastKnownFileType = sourcecode.swift; path = StatsView.swift; sourceTree = "<group>"; };
		1FB62F9B287F407800620CDB /* Roboto-Regular.otf */ = {isa = PBXFileReference; lastKnownFileType = file; path = "Roboto-Regular.otf"; sourceTree = "<group>"; };
		1FB62F9C287F407800620CDB /* Roboto-Medium.otf */ = {isa = PBXFileReference; lastKnownFileType = file; path = "Roboto-Medium.otf"; sourceTree = "<group>"; };
		1FB62F9D287F407800620CDB /* Roboto-Bold.otf */ = {isa = PBXFileReference; lastKnownFileType = file; path = "Roboto-Bold.otf"; sourceTree = "<group>"; };
		1FB62FA1287F4EF200620CDB /* CustomNavBarView.swift */ = {isa = PBXFileReference; lastKnownFileType = sourcecode.swift; path = CustomNavBarView.swift; sourceTree = "<group>"; };
		1FB7B0BF288066AA00E390E5 /* AbilitiesView.swift */ = {isa = PBXFileReference; lastKnownFileType = sourcecode.swift; path = AbilitiesView.swift; sourceTree = "<group>"; };
		1FB7B0C128807C9800E390E5 /* SpritesView.swift */ = {isa = PBXFileReference; lastKnownFileType = sourcecode.swift; path = SpritesView.swift; sourceTree = "<group>"; };
		1FB7B0C328807FFA00E390E5 /* ImageDetailView.swift */ = {isa = PBXFileReference; lastKnownFileType = sourcecode.swift; path = ImageDetailView.swift; sourceTree = "<group>"; };
		1FC56FB3287C596B0070ED3F /* Info.plist */ = {isa = PBXFileReference; lastKnownFileType = text.plist; path = Info.plist; sourceTree = "<group>"; };
		1FC56FC4287C85680070ED3F /* SecurityView.swift */ = {isa = PBXFileReference; lastKnownFileType = sourcecode.swift; path = SecurityView.swift; sourceTree = "<group>"; };
		1FC56FC8287CC7F00070ED3F /* TabBarHomeView.swift */ = {isa = PBXFileReference; lastKnownFileType = sourcecode.swift; path = TabBarHomeView.swift; sourceTree = "<group>"; };
		1FC56FCA287CC8430070ED3F /* PokedexCardView.swift */ = {isa = PBXFileReference; lastKnownFileType = sourcecode.swift; path = PokedexCardView.swift; sourceTree = "<group>"; };
		8B17C1AFB79EB3520C9B3E54 /* Pods-Pokedex.release.xcconfig */ = {isa = PBXFileReference; includeInIndex = 1; lastKnownFileType = text.xcconfig; name = "Pods-Pokedex.release.xcconfig"; path = "Target Support Files/Pods-Pokedex/Pods-Pokedex.release.xcconfig"; sourceTree = "<group>"; };
		AE78893468CC5CF18606B460 /* Pods_Pokedex.framework */ = {isa = PBXFileReference; explicitFileType = wrapper.framework; includeInIndex = 0; path = Pods_Pokedex.framework; sourceTree = BUILT_PRODUCTS_DIR; };
		C2ED4AF841588D4620E7EDB5 /* Pods-Pokedex.debug.xcconfig */ = {isa = PBXFileReference; includeInIndex = 1; lastKnownFileType = text.xcconfig; name = "Pods-Pokedex.debug.xcconfig"; path = "Target Support Files/Pods-Pokedex/Pods-Pokedex.debug.xcconfig"; sourceTree = "<group>"; };
/* End PBXFileReference section */

/* Begin PBXFrameworksBuildPhase section */
		1F3543DB2878A8F200913F9A /* Frameworks */ = {
			isa = PBXFrameworksBuildPhase;
			buildActionMask = 2147483647;
			files = (
				7DCC1D6EE44AB909FDB41615 /* Pods_Pokedex.framework in Frameworks */,
			);
			runOnlyForDeploymentPostprocessing = 0;
		};
/* End PBXFrameworksBuildPhase section */

/* Begin PBXGroup section */
		18CC1F033DBD2FD606CCA878 /* Pods */ = {
			isa = PBXGroup;
			children = (
				C2ED4AF841588D4620E7EDB5 /* Pods-Pokedex.debug.xcconfig */,
				8B17C1AFB79EB3520C9B3E54 /* Pods-Pokedex.release.xcconfig */,
			);
			path = Pods;
			sourceTree = "<group>";
		};
		1F3543D52878A8F200913F9A = {
			isa = PBXGroup;
			children = (
				1F3543E02878A8F200913F9A /* Pokedex */,
				1F3543DF2878A8F200913F9A /* Products */,
				18CC1F033DBD2FD606CCA878 /* Pods */,
				AE9C846A99D1F3B3AF909048 /* Frameworks */,
			);
			sourceTree = "<group>";
		};
		1F3543DF2878A8F200913F9A /* Products */ = {
			isa = PBXGroup;
			children = (
				1F3543DE2878A8F200913F9A /* Pokedex.app */,
			);
			name = Products;
			sourceTree = "<group>";
		};
		1F3543E02878A8F200913F9A /* Pokedex */ = {
			isa = PBXGroup;
			children = (
				1FB62F9A287F405800620CDB /* Font */,
				1FC56FB3287C596B0070ED3F /* Info.plist */,
				1F3543E12878A8F200913F9A /* PokedexApp.swift */,
				1F3543E32878A8F200913F9A /* ContentView.swift */,
				1FC56FB4287C673B0070ED3F /* Assistents */,
				1FC56FBB287C68070070ED3F /* Core */,
				1FC56FB6287C67680070ED3F /* Models */,
				1FC56FB5287C675A0070ED3F /* Features */,
				1F63F8B228857DA7006A8583 /* APIList.swift */,
				1F2E5FBB287DCE780008B40D /* ScreenStyle.swift */,
				1F3543E52878A8F600913F9A /* Assets.xcassets */,
				1F3543E72878A8F600913F9A /* Preview Content */,
				1F3DB558288B1AFD0004F507 /* PhoneNumberValidation.swift */,
			);
			path = Pokedex;
			sourceTree = "<group>";
		};
		1F3543E72878A8F600913F9A /* Preview Content */ = {
			isa = PBXGroup;
			children = (
				1F3543E82878A8F600913F9A /* Preview Assets.xcassets */,
			);
			path = "Preview Content";
			sourceTree = "<group>";
		};
		1FB62F9A287F405800620CDB /* Font */ = {
			isa = PBXGroup;
			children = (
				1FB62F9D287F407800620CDB /* Roboto-Bold.otf */,
				1FB62F9C287F407800620CDB /* Roboto-Medium.otf */,
				1FB62F9B287F407800620CDB /* Roboto-Regular.otf */,
			);
			path = Font;
			sourceTree = "<group>";
		};
		1FB7B0B428802C2200E390E5 /* CustomNavBar */ = {
			isa = PBXGroup;
			children = (
				1FB62FA1287F4EF200620CDB /* CustomNavBarView.swift */,
			);
			path = CustomNavBar;
			sourceTree = "<group>";
		};
		1FC56FB4287C673B0070ED3F /* Assistents */ = {
			isa = PBXGroup;
			children = (
			);
			path = Assistents;
			sourceTree = "<group>";
		};
		1FC56FB5287C675A0070ED3F /* Features */ = {
			isa = PBXGroup;
			children = (
				1FC56FBA287C67DD0070ED3F /* Detail */,
				1FC56FB9287C67D40070ED3F /* Home */,
				1FC56FB8287C67BA0070ED3F /* Login */,
			);
			path = Features;
			sourceTree = "<group>";
		};
		1FC56FB6287C67680070ED3F /* Models */ = {
			isa = PBXGroup;
			children = (
			);
			path = Models;
			sourceTree = "<group>";
		};
		1FC56FB7287C67930070ED3F /* PagesViews */ = {
			isa = PBXGroup;
			children = (
				1F3543EF2878ABEE00913F9A /* LoginView.swift */,
			);
			path = PagesViews;
			sourceTree = "<group>";
		};
		1FC56FB8287C67BA0070ED3F /* Login */ = {
			isa = PBXGroup;
			children = (
				1FC56FBF287C688A0070ED3F /* Presentation */,
				1FC56FC0287C689C0070ED3F /* ViewModels */,
			);
			path = Login;
			sourceTree = "<group>";
		};
		1FC56FB9287C67D40070ED3F /* Home */ = {
			isa = PBXGroup;
			children = (
				1FC56FC1287C68E90070ED3F /* Presentation */,
				1FC56FC2287C69110070ED3F /* ViewModels */,
			);
			path = Home;
			sourceTree = "<group>";
		};
		1FC56FBA287C67DD0070ED3F /* Detail */ = {
			isa = PBXGroup;
			children = (
				1FC56FCD287CC9510070ED3F /* ViewModels */,
				1FC56FCC287CC9450070ED3F /* Presentation */,
			);
			path = Detail;
			sourceTree = "<group>";
		};
		1FC56FBB287C68070070ED3F /* Core */ = {
			isa = PBXGroup;
			children = (
				1FC56FBE287C684C0070ED3F /* Widgets */,
				1FC56FBD287C68410070ED3F /* Utils */,
				1FC56FBC287C68350070ED3F /* Styles */,
			);
			path = Core;
			sourceTree = "<group>";
		};
		1FC56FBC287C68350070ED3F /* Styles */ = {
			isa = PBXGroup;
			children = (
			);
			path = Styles;
			sourceTree = "<group>";
		};
		1FC56FBD287C68410070ED3F /* Utils */ = {
			isa = PBXGroup;
			children = (
				1FB7B0B428802C2200E390E5 /* CustomNavBar */,
				1FB62F7A287F08A300620CDB /* VisualEffectView.swift */,
				1F2E5FBD287DF1F20008B40D /* ProgressBarView.swift */,
				1FC56FC4287C85680070ED3F /* SecurityView.swift */,
			);
			path = Utils;
			sourceTree = "<group>";
		};
		1FC56FBE287C684C0070ED3F /* Widgets */ = {
			isa = PBXGroup;
			children = (
				1FC56FC8287CC7F00070ED3F /* TabBarHomeView.swift */,
				1FB62F98287F33A200620CDB /* StatsView.swift */,
			);
			path = Widgets;
			sourceTree = "<group>";
		};
		1FC56FBF287C688A0070ED3F /* Presentation */ = {
			isa = PBXGroup;
			children = (
				1FC56FB7287C67930070ED3F /* PagesViews */,
			);
			path = Presentation;
			sourceTree = "<group>";
		};
		1FC56FC0287C689C0070ED3F /* ViewModels */ = {
			isa = PBXGroup;
			children = (
			);
			path = ViewModels;
			sourceTree = "<group>";
		};
		1FC56FC1287C68E90070ED3F /* Presentation */ = {
			isa = PBXGroup;
			children = (
				1FC56FC3287C69200070ED3F /* PagesViews */,
			);
			path = Presentation;
			sourceTree = "<group>";
		};
		1FC56FC2287C69110070ED3F /* ViewModels */ = {
			isa = PBXGroup;
			children = (
			);
			path = ViewModels;
			sourceTree = "<group>";
		};
		1FC56FC3287C69200070ED3F /* PagesViews */ = {
			isa = PBXGroup;
			children = (
				1F3543F12878ABF900913F9A /* HomeView.swift */,
				1FC56FCA287CC8430070ED3F /* PokedexCardView.swift */,
			);
			path = PagesViews;
			sourceTree = "<group>";
		};
		1FC56FCC287CC9450070ED3F /* Presentation */ = {
			isa = PBXGroup;
			children = (
				1FC56FCE287CC9630070ED3F /* PagesViews */,
			);
			path = Presentation;
			sourceTree = "<group>";
		};
		1FC56FCD287CC9510070ED3F /* ViewModels */ = {
			isa = PBXGroup;
			children = (
			);
			path = ViewModels;
			sourceTree = "<group>";
		};
		1FC56FCE287CC9630070ED3F /* PagesViews */ = {
			isa = PBXGroup;
			children = (
				1F3543F32878AC0900913F9A /* DetailView.swift */,
				1FB7B0BF288066AA00E390E5 /* AbilitiesView.swift */,
				1FB7B0C128807C9800E390E5 /* SpritesView.swift */,
				1FB7B0C328807FFA00E390E5 /* ImageDetailView.swift */,
			);
			path = PagesViews;
			sourceTree = "<group>";
		};
		AE9C846A99D1F3B3AF909048 /* Frameworks */ = {
			isa = PBXGroup;
			children = (
				AE78893468CC5CF18606B460 /* Pods_Pokedex.framework */,
			);
			name = Frameworks;
			sourceTree = "<group>";
		};
/* End PBXGroup section */

/* Begin PBXNativeTarget section */
		1F3543DD2878A8F200913F9A /* Pokedex */ = {
			isa = PBXNativeTarget;
			buildConfigurationList = 1F3543EC2878A8F600913F9A /* Build configuration list for PBXNativeTarget "Pokedex" */;
			buildPhases = (
				F770236904CAA84AD28929AA /* [CP] Check Pods Manifest.lock */,
				1F3543DA2878A8F200913F9A /* Sources */,
				1F3543DB2878A8F200913F9A /* Frameworks */,
				1F3543DC2878A8F200913F9A /* Resources */,
				42FC73E95566AF939B688995 /* [CP] Embed Pods Frameworks */,
			);
			buildRules = (
			);
			dependencies = (
			);
			name = Pokedex;
			productName = Pokedex;
			productReference = 1F3543DE2878A8F200913F9A /* Pokedex.app */;
			productType = "com.apple.product-type.application";
		};
/* End PBXNativeTarget section */

/* Begin PBXProject section */
		1F3543D62878A8F200913F9A /* Project object */ = {
			isa = PBXProject;
			attributes = {
				BuildIndependentTargetsInParallel = 1;
				LastSwiftUpdateCheck = 1340;
				LastUpgradeCheck = 1340;
				TargetAttributes = {
					1F3543DD2878A8F200913F9A = {
						CreatedOnToolsVersion = 13.4.1;
					};
				};
			};
			buildConfigurationList = 1F3543D92878A8F200913F9A /* Build configuration list for PBXProject "Pokedex" */;
			compatibilityVersion = "Xcode 13.0";
			developmentRegion = en;
			hasScannedForEncodings = 0;
			knownRegions = (
				en,
				Base,
			);
			mainGroup = 1F3543D52878A8F200913F9A;
			productRefGroup = 1F3543DF2878A8F200913F9A /* Products */;
			projectDirPath = "";
			projectRoot = "";
			targets = (
				1F3543DD2878A8F200913F9A /* Pokedex */,
			);
		};
/* End PBXProject section */

/* Begin PBXResourcesBuildPhase section */
		1F3543DC2878A8F200913F9A /* Resources */ = {
			isa = PBXResourcesBuildPhase;
			buildActionMask = 2147483647;
			files = (
				1FB62F9F287F407800620CDB /* Roboto-Medium.otf in Resources */,
				1FB62F9E287F407800620CDB /* Roboto-Regular.otf in Resources */,
				1F3543E92878A8F600913F9A /* Preview Assets.xcassets in Resources */,
				1F3543E62878A8F600913F9A /* Assets.xcassets in Resources */,
				1FB62FA0287F407800620CDB /* Roboto-Bold.otf in Resources */,
			);
			runOnlyForDeploymentPostprocessing = 0;
		};
/* End PBXResourcesBuildPhase section */

/* Begin PBXShellScriptBuildPhase section */
		42FC73E95566AF939B688995 /* [CP] Embed Pods Frameworks */ = {
			isa = PBXShellScriptBuildPhase;
			buildActionMask = 2147483647;
			files = (
			);
			inputFileListPaths = (
				"${PODS_ROOT}/Target Support Files/Pods-Pokedex/Pods-Pokedex-frameworks-${CONFIGURATION}-input-files.xcfilelist",
			);
			name = "[CP] Embed Pods Frameworks";
			outputFileListPaths = (
				"${PODS_ROOT}/Target Support Files/Pods-Pokedex/Pods-Pokedex-frameworks-${CONFIGURATION}-output-files.xcfilelist",
			);
			runOnlyForDeploymentPostprocessing = 0;
			shellPath = /bin/sh;
			shellScript = "\"${PODS_ROOT}/Target Support Files/Pods-Pokedex/Pods-Pokedex-frameworks.sh\"\n";
			showEnvVarsInLog = 0;
		};
		F770236904CAA84AD28929AA /* [CP] Check Pods Manifest.lock */ = {
			isa = PBXShellScriptBuildPhase;
			buildActionMask = 2147483647;
			files = (
			);
			inputFileListPaths = (
			);
			inputPaths = (
				"${PODS_PODFILE_DIR_PATH}/Podfile.lock",
				"${PODS_ROOT}/Manifest.lock",
			);
			name = "[CP] Check Pods Manifest.lock";
			outputFileListPaths = (
			);
			outputPaths = (
				"$(DERIVED_FILE_DIR)/Pods-Pokedex-checkManifestLockResult.txt",
			);
			runOnlyForDeploymentPostprocessing = 0;
			shellPath = /bin/sh;
			shellScript = "diff \"${PODS_PODFILE_DIR_PATH}/Podfile.lock\" \"${PODS_ROOT}/Manifest.lock\" > /dev/null\nif [ $? != 0 ] ; then\n    # print error to STDERR\n    echo \"error: The sandbox is not in sync with the Podfile.lock. Run 'pod install' or update your CocoaPods installation.\" >&2\n    exit 1\nfi\n# This output is used by Xcode 'outputs' to avoid re-running this script phase.\necho \"SUCCESS\" > \"${SCRIPT_OUTPUT_FILE_0}\"\n";
			showEnvVarsInLog = 0;
		};
/* End PBXShellScriptBuildPhase section */

/* Begin PBXSourcesBuildPhase section */
		1F3543DA2878A8F200913F9A /* Sources */ = {
			isa = PBXSourcesBuildPhase;
			buildActionMask = 2147483647;
			files = (
				1FB7B0C0288066AA00E390E5 /* AbilitiesView.swift in Sources */,
				1FB7B0C228807C9800E390E5 /* SpritesView.swift in Sources */,
				1F63F8B328857DA7006A8583 /* APIList.swift in Sources */,
				1F3543F02878ABEE00913F9A /* LoginView.swift in Sources */,
				1F3543F22878ABF900913F9A /* HomeView.swift in Sources */,
				1FC56FC9287CC7F00070ED3F /* TabBarHomeView.swift in Sources */,
				1FC56FC5287C85690070ED3F /* SecurityView.swift in Sources */,
				1F3543E42878A8F200913F9A /* ContentView.swift in Sources */,
				1FB7B0C428807FFA00E390E5 /* ImageDetailView.swift in Sources */,
				1FB62FA2287F4EF200620CDB /* CustomNavBarView.swift in Sources */,
				1FC56FCB287CC8430070ED3F /* PokedexCardView.swift in Sources */,
				1FB62F7B287F08A300620CDB /* VisualEffectView.swift in Sources */,
				1F3543F42878AC0900913F9A /* DetailView.swift in Sources */,
				1FB62F99287F33A200620CDB /* StatsView.swift in Sources */,
				1F2E5FBE287DF1F20008B40D /* ProgressBarView.swift in Sources */,
				1F3543E22878A8F200913F9A /* PokedexApp.swift in Sources */,
				1F3DB559288B1AFD0004F507 /* PhoneNumberValidation.swift in Sources */,
				1F2E5FBC287DCE780008B40D /* ScreenStyle.swift in Sources */,
			);
			runOnlyForDeploymentPostprocessing = 0;
		};
/* End PBXSourcesBuildPhase section */

/* Begin XCBuildConfiguration section */
		1F3543EA2878A8F600913F9A /* Debug */ = {
			isa = XCBuildConfiguration;
			buildSettings = {
				ALWAYS_SEARCH_USER_PATHS = NO;
				CLANG_ANALYZER_NONNULL = YES;
				CLANG_ANALYZER_NUMBER_OBJECT_CONVERSION = YES_AGGRESSIVE;
				CLANG_CXX_LANGUAGE_STANDARD = "gnu++17";
				CLANG_ENABLE_MODULES = YES;
				CLANG_ENABLE_OBJC_ARC = YES;
				CLANG_ENABLE_OBJC_WEAK = YES;
				CLANG_WARN_BLOCK_CAPTURE_AUTORELEASING = YES;
				CLANG_WARN_BOOL_CONVERSION = YES;
				CLANG_WARN_COMMA = YES;
				CLANG_WARN_CONSTANT_CONVERSION = YES;
				CLANG_WARN_DEPRECATED_OBJC_IMPLEMENTATIONS = YES;
				CLANG_WARN_DIRECT_OBJC_ISA_USAGE = YES_ERROR;
				CLANG_WARN_DOCUMENTATION_COMMENTS = YES;
				CLANG_WARN_EMPTY_BODY = YES;
				CLANG_WARN_ENUM_CONVERSION = YES;
				CLANG_WARN_INFINITE_RECURSION = YES;
				CLANG_WARN_INT_CONVERSION = YES;
				CLANG_WARN_NON_LITERAL_NULL_CONVERSION = YES;
				CLANG_WARN_OBJC_IMPLICIT_RETAIN_SELF = YES;
				CLANG_WARN_OBJC_LITERAL_CONVERSION = YES;
				CLANG_WARN_OBJC_ROOT_CLASS = YES_ERROR;
				CLANG_WARN_QUOTED_INCLUDE_IN_FRAMEWORK_HEADER = YES;
				CLANG_WARN_RANGE_LOOP_ANALYSIS = YES;
				CLANG_WARN_STRICT_PROTOTYPES = YES;
				CLANG_WARN_SUSPICIOUS_MOVE = YES;
				CLANG_WARN_UNGUARDED_AVAILABILITY = YES_AGGRESSIVE;
				CLANG_WARN_UNREACHABLE_CODE = YES;
				CLANG_WARN__DUPLICATE_METHOD_MATCH = YES;
				COPY_PHASE_STRIP = NO;
				DEBUG_INFORMATION_FORMAT = dwarf;
				ENABLE_STRICT_OBJC_MSGSEND = YES;
				ENABLE_TESTABILITY = YES;
				GCC_C_LANGUAGE_STANDARD = gnu11;
				GCC_DYNAMIC_NO_PIC = NO;
				GCC_NO_COMMON_BLOCKS = YES;
				GCC_OPTIMIZATION_LEVEL = 0;
				GCC_PREPROCESSOR_DEFINITIONS = (
					"DEBUG=1",
					"$(inherited)",
				);
				GCC_WARN_64_TO_32_BIT_CONVERSION = YES;
				GCC_WARN_ABOUT_RETURN_TYPE = YES_ERROR;
				GCC_WARN_UNDECLARED_SELECTOR = YES;
				GCC_WARN_UNINITIALIZED_AUTOS = YES_AGGRESSIVE;
				GCC_WARN_UNUSED_FUNCTION = YES;
				GCC_WARN_UNUSED_VARIABLE = YES;
				IPHONEOS_DEPLOYMENT_TARGET = 15.5;
				MTL_ENABLE_DEBUG_INFO = INCLUDE_SOURCE;
				MTL_FAST_MATH = YES;
				ONLY_ACTIVE_ARCH = YES;
				SDKROOT = iphoneos;
				SWIFT_ACTIVE_COMPILATION_CONDITIONS = DEBUG;
				SWIFT_OPTIMIZATION_LEVEL = "-Onone";
			};
			name = Debug;
		};
		1F3543EB2878A8F600913F9A /* Release */ = {
			isa = XCBuildConfiguration;
			buildSettings = {
				ALWAYS_SEARCH_USER_PATHS = NO;
				CLANG_ANALYZER_NONNULL = YES;
				CLANG_ANALYZER_NUMBER_OBJECT_CONVERSION = YES_AGGRESSIVE;
				CLANG_CXX_LANGUAGE_STANDARD = "gnu++17";
				CLANG_ENABLE_MODULES = YES;
				CLANG_ENABLE_OBJC_ARC = YES;
				CLANG_ENABLE_OBJC_WEAK = YES;
				CLANG_WARN_BLOCK_CAPTURE_AUTORELEASING = YES;
				CLANG_WARN_BOOL_CONVERSION = YES;
				CLANG_WARN_COMMA = YES;
				CLANG_WARN_CONSTANT_CONVERSION = YES;
				CLANG_WARN_DEPRECATED_OBJC_IMPLEMENTATIONS = YES;
				CLANG_WARN_DIRECT_OBJC_ISA_USAGE = YES_ERROR;
				CLANG_WARN_DOCUMENTATION_COMMENTS = YES;
				CLANG_WARN_EMPTY_BODY = YES;
				CLANG_WARN_ENUM_CONVERSION = YES;
				CLANG_WARN_INFINITE_RECURSION = YES;
				CLANG_WARN_INT_CONVERSION = YES;
				CLANG_WARN_NON_LITERAL_NULL_CONVERSION = YES;
				CLANG_WARN_OBJC_IMPLICIT_RETAIN_SELF = YES;
				CLANG_WARN_OBJC_LITERAL_CONVERSION = YES;
				CLANG_WARN_OBJC_ROOT_CLASS = YES_ERROR;
				CLANG_WARN_QUOTED_INCLUDE_IN_FRAMEWORK_HEADER = YES;
				CLANG_WARN_RANGE_LOOP_ANALYSIS = YES;
				CLANG_WARN_STRICT_PROTOTYPES = YES;
				CLANG_WARN_SUSPICIOUS_MOVE = YES;
				CLANG_WARN_UNGUARDED_AVAILABILITY = YES_AGGRESSIVE;
				CLANG_WARN_UNREACHABLE_CODE = YES;
				CLANG_WARN__DUPLICATE_METHOD_MATCH = YES;
				COPY_PHASE_STRIP = NO;
				DEBUG_INFORMATION_FORMAT = "dwarf-with-dsym";
				ENABLE_NS_ASSERTIONS = NO;
				ENABLE_STRICT_OBJC_MSGSEND = YES;
				GCC_C_LANGUAGE_STANDARD = gnu11;
				GCC_NO_COMMON_BLOCKS = YES;
				GCC_WARN_64_TO_32_BIT_CONVERSION = YES;
				GCC_WARN_ABOUT_RETURN_TYPE = YES_ERROR;
				GCC_WARN_UNDECLARED_SELECTOR = YES;
				GCC_WARN_UNINITIALIZED_AUTOS = YES_AGGRESSIVE;
				GCC_WARN_UNUSED_FUNCTION = YES;
				GCC_WARN_UNUSED_VARIABLE = YES;
				IPHONEOS_DEPLOYMENT_TARGET = 15.5;
				MTL_ENABLE_DEBUG_INFO = NO;
				MTL_FAST_MATH = YES;
				SDKROOT = iphoneos;
				SWIFT_COMPILATION_MODE = wholemodule;
				SWIFT_OPTIMIZATION_LEVEL = "-O";
				VALIDATE_PRODUCT = YES;
			};
			name = Release;
		};
		1F3543ED2878A8F600913F9A /* Debug */ = {
			isa = XCBuildConfiguration;
			baseConfigurationReference = C2ED4AF841588D4620E7EDB5 /* Pods-Pokedex.debug.xcconfig */;
			buildSettings = {
				ASSETCATALOG_COMPILER_APPICON_NAME = AppIcon;
				ASSETCATALOG_COMPILER_GLOBAL_ACCENT_COLOR_NAME = AccentColor;
				CODE_SIGN_STYLE = Automatic;
				CURRENT_PROJECT_VERSION = 1;
				DEVELOPMENT_ASSET_PATHS = "\"Pokedex/Preview Content\"";
				DEVELOPMENT_TEAM = F8JL7QVA27;
				ENABLE_PREVIEWS = YES;
				GENERATE_INFOPLIST_FILE = YES;
				INFOPLIST_FILE = Pokedex/Info.plist;
				INFOPLIST_KEY_UIApplicationSceneManifest_Generation = YES;
				INFOPLIST_KEY_UIApplicationSupportsIndirectInputEvents = YES;
				INFOPLIST_KEY_UILaunchScreen_Generation = YES;
				INFOPLIST_KEY_UISupportedInterfaceOrientations_iPad = "UIInterfaceOrientationPortrait UIInterfaceOrientationPortraitUpsideDown UIInterfaceOrientationLandscapeLeft UIInterfaceOrientationLandscapeRight";
				INFOPLIST_KEY_UISupportedInterfaceOrientations_iPhone = "UIInterfaceOrientationPortrait UIInterfaceOrientationLandscapeLeft UIInterfaceOrientationLandscapeRight";
				LD_RUNPATH_SEARCH_PATHS = (
					"$(inherited)",
					"@executable_path/Frameworks",
				);
				MARKETING_VERSION = 1.0;
				PRODUCT_BUNDLE_IDENTIFIER = PerformaIT.Pokedex;
				PRODUCT_NAME = "$(TARGET_NAME)";
				SWIFT_EMIT_LOC_STRINGS = YES;
				SWIFT_VERSION = 5.0;
				TARGETED_DEVICE_FAMILY = "1,2";
			};
			name = Debug;
		};
		1F3543EE2878A8F600913F9A /* Release */ = {
			isa = XCBuildConfiguration;
			baseConfigurationReference = 8B17C1AFB79EB3520C9B3E54 /* Pods-Pokedex.release.xcconfig */;
			buildSettings = {
				ASSETCATALOG_COMPILER_APPICON_NAME = AppIcon;
				ASSETCATALOG_COMPILER_GLOBAL_ACCENT_COLOR_NAME = AccentColor;
				CODE_SIGN_STYLE = Automatic;
				CURRENT_PROJECT_VERSION = 1;
				DEVELOPMENT_ASSET_PATHS = "\"Pokedex/Preview Content\"";
				DEVELOPMENT_TEAM = F8JL7QVA27;
				ENABLE_PREVIEWS = YES;
				GENERATE_INFOPLIST_FILE = YES;
				INFOPLIST_FILE = Pokedex/Info.plist;
				INFOPLIST_KEY_UIApplicationSceneManifest_Generation = YES;
				INFOPLIST_KEY_UIApplicationSupportsIndirectInputEvents = YES;
				INFOPLIST_KEY_UILaunchScreen_Generation = YES;
				INFOPLIST_KEY_UISupportedInterfaceOrientations_iPad = "UIInterfaceOrientationPortrait UIInterfaceOrientationPortraitUpsideDown UIInterfaceOrientationLandscapeLeft UIInterfaceOrientationLandscapeRight";
				INFOPLIST_KEY_UISupportedInterfaceOrientations_iPhone = "UIInterfaceOrientationPortrait UIInterfaceOrientationLandscapeLeft UIInterfaceOrientationLandscapeRight";
				LD_RUNPATH_SEARCH_PATHS = (
					"$(inherited)",
					"@executable_path/Frameworks",
				);
				MARKETING_VERSION = 1.0;
				PRODUCT_BUNDLE_IDENTIFIER = PerformaIT.Pokedex;
				PRODUCT_NAME = "$(TARGET_NAME)";
				SWIFT_EMIT_LOC_STRINGS = YES;
				SWIFT_VERSION = 5.0;
				TARGETED_DEVICE_FAMILY = "1,2";
			};
			name = Release;
		};
/* End XCBuildConfiguration section */

/* Begin XCConfigurationList section */
		1F3543D92878A8F200913F9A /* Build configuration list for PBXProject "Pokedex" */ = {
			isa = XCConfigurationList;
			buildConfigurations = (
				1F3543EA2878A8F600913F9A /* Debug */,
				1F3543EB2878A8F600913F9A /* Release */,
			);
			defaultConfigurationIsVisible = 0;
			defaultConfigurationName = Release;
		};
		1F3543EC2878A8F600913F9A /* Build configuration list for PBXNativeTarget "Pokedex" */ = {
			isa = XCConfigurationList;
			buildConfigurations = (
				1F3543ED2878A8F600913F9A /* Debug */,
				1F3543EE2878A8F600913F9A /* Release */,
			);
			defaultConfigurationIsVisible = 0;
			defaultConfigurationName = Release;
		};
/* End XCConfigurationList section */
	};
	rootObject = 1F3543D62878A8F200913F9A /* Project object */;
}
